
Microsoft Visual Studio Solution File, Format Version 12.00
# Visual Studio Version 17
VisualStudioVersion = 17.1.32407.343
MinimumVisualStudioVersion = 10.0.40219.1
Project("{FAE04EC0-301F-11D3-BF4B-00C04F79EFBC}") = "Assignment2-CashRegistry", "Assignment2-CashRegistry\Assignment2-CashRegistry.csproj", "{83B2CD00-31BE-4113-B35C-44DB6C6696F2}"
EndProject
Global
	GlobalSection(SolutionConfigurationPlatforms) = preSolution
		Debug|Any CPU = Debug|Any CPU
		Release|Any CPU = Release|Any CPU
	EndGlobalSection
	GlobalSection(ProjectConfigurationPlatforms) = postSolution
		{83B2CD00-31BE-4113-B35C-44DB6C6696F2}.Debug|Any CPU.ActiveCfg = Debug|Any CPU
		{83B2CD00-31BE-4113-B35C-44DB6C6696F2}.Debug|Any CPU.Build.0 = Debug|Any CPU
		{83B2CD00-31BE-4113-B35C-44DB6C6696F2}.Release|Any CPU.ActiveCfg = Release|Any CPU
		{83B2CD00-31BE-4113-B35C-44DB6C6696F2}.Release|Any CPU.Build.0 = Release|Any CPU
	EndGlobalSection
	GlobalSection(SolutionProperties) = preSolution
		HideSolutionNode = FALSE
	EndGlobalSection
	GlobalSection(ExtensibilityGlobals) = postSolution
		SolutionGuid = {5EA85137-9CEF-4273-874D-35F35F8A51FA}
	EndGlobalSection
EndGlobal
